{
  "projects": [
    {
      "projectId": "csoWc72vkp7G4hixnuoRR5",
      "version": "latest",
      "dependencies": {},
      "lang": "js",
      "fileLocks": [
        {
          "type": "globalVariant",
          "assetId": "R6NSkSEKJa8o",
          "checksum": "615a5cb1309f2ab601dba5fcf57a014a"
        },
        {
          "assetId": "csoWc72vkp7G4hixnuoRR5",
          "type": "projectCss",
          "checksum": "46afd5342ad751e2b16c10c302c1c06f"
        },
        {
          "type": "renderModule",
          "assetId": "Ecab67_XrjO1",
          "checksum": "9e7b86ce92e5276a0ed8bd7268c94cb1"
        },
        {
          "type": "cssRules",
          "assetId": "Ecab67_XrjO1",
          "checksum": "9e7b86ce92e5276a0ed8bd7268c94cb1"
        },
        {
          "type": "renderModule",
          "assetId": "qSJFN-Q4T-kD",
          "checksum": "ff29ec0443da096424fcdc1204e46d32"
        },
        {
          "type": "cssRules",
          "assetId": "qSJFN-Q4T-kD",
          "checksum": "ff29ec0443da096424fcdc1204e46d32"
        },
        {
          "type": "renderModule",
          "assetId": "rjq5jLt8dsGK",
          "checksum": "abcb0964179def5bc0514ad754344b39"
        },
        {
          "type": "cssRules",
          "assetId": "rjq5jLt8dsGK",
          "checksum": "abcb0964179def5bc0514ad754344b39"
        },
        {
          "type": "renderModule",
          "assetId": "nTd754ANajs2",
          "checksum": "fcc38890eae68dd3e1380868b5560dd1"
        },
        {
          "type": "cssRules",
          "assetId": "nTd754ANajs2",
          "checksum": "fcc38890eae68dd3e1380868b5560dd1"
        },
        {
          "type": "renderModule",
          "assetId": "62BHbKVWdcb_",
          "checksum": "b96218b4af184b975005386895c249f0"
        },
        {
          "type": "cssRules",
          "assetId": "62BHbKVWdcb_",
          "checksum": "b96218b4af184b975005386895c249f0"
        },
        {
          "type": "renderModule",
          "assetId": "1Q9IytxXJBqV",
          "checksum": "76760eefa41433e78ff8bd8fab702f33"
        },
        {
          "type": "cssRules",
          "assetId": "1Q9IytxXJBqV",
          "checksum": "76760eefa41433e78ff8bd8fab702f33"
        },
        {
          "type": "renderModule",
          "assetId": "_cy61VkHx7GJ",
          "checksum": "4b91a7886377d50b5cd5178fff6e127f"
        },
        {
          "type": "cssRules",
          "assetId": "_cy61VkHx7GJ",
          "checksum": "4b91a7886377d50b5cd5178fff6e127f"
        },
        {
          "type": "renderModule",
          "assetId": "2Aq7lknOiL-a",
          "checksum": "28858ccf7476370d23e1dc797f6fc7b9"
        },
        {
          "type": "cssRules",
          "assetId": "2Aq7lknOiL-a",
          "checksum": "28858ccf7476370d23e1dc797f6fc7b9"
        },
        {
          "type": "renderModule",
          "assetId": "dYqepsptLDD3",
          "checksum": "f85958f0baf6fac9d2e2ee27fe51ccb2"
        },
        {
          "type": "cssRules",
          "assetId": "dYqepsptLDD3",
          "checksum": "f85958f0baf6fac9d2e2ee27fe51ccb2"
        },
        {
          "type": "renderModule",
          "assetId": "z20pi1Xcczqg",
          "checksum": "b0f24ec29db298aaa8b1da2c59561f36"
        },
        {
          "type": "cssRules",
          "assetId": "z20pi1Xcczqg",
          "checksum": "b0f24ec29db298aaa8b1da2c59561f36"
        },
        {
          "type": "renderModule",
          "assetId": "h2_eUh32rVU7",
          "checksum": "73d8296360a490b2583dbbe8e7f91e75"
        },
        {
          "type": "cssRules",
          "assetId": "h2_eUh32rVU7",
          "checksum": "73d8296360a490b2583dbbe8e7f91e75"
        },
        {
          "type": "renderModule",
          "assetId": "PSWkpJrXVRrk",
          "checksum": "1b10d10b8477d5345aec6bc4ad30186a"
        },
        {
          "type": "cssRules",
          "assetId": "PSWkpJrXVRrk",
          "checksum": "1b10d10b8477d5345aec6bc4ad30186a"
        },
        {
          "type": "renderModule",
          "assetId": "zKMmCg9Xqsf0",
          "checksum": "a1ec3c3ca1ee82eb3029ab65b93dddc8"
        },
        {
          "type": "cssRules",
          "assetId": "zKMmCg9Xqsf0",
          "checksum": "a1ec3c3ca1ee82eb3029ab65b93dddc8"
        },
        {
          "type": "renderModule",
          "assetId": "UQskw01E3wHQ",
          "checksum": "ff7da06ff524d74d07501eed90fde638"
        },
        {
          "type": "cssRules",
          "assetId": "UQskw01E3wHQ",
          "checksum": "ff7da06ff524d74d07501eed90fde638"
        },
        {
          "type": "renderModule",
          "assetId": "8rwWf5hLrmzP",
          "checksum": "22a3d6bd918cabf2096d15fe16e521fc"
        },
        {
          "type": "cssRules",
          "assetId": "8rwWf5hLrmzP",
          "checksum": "22a3d6bd918cabf2096d15fe16e521fc"
        },
        {
          "type": "renderModule",
          "assetId": "Tck-ZeuOe3l2",
          "checksum": "5d17cd09b399bdc3b0eb6a240bca6647"
        },
        {
          "type": "cssRules",
          "assetId": "Tck-ZeuOe3l2",
          "checksum": "5d17cd09b399bdc3b0eb6a240bca6647"
        },
        {
          "type": "renderModule",
          "assetId": "GIFaPeTXyJwJ",
          "checksum": "d5a6e2829b61cdae9bbfcfc69a32684b"
        },
        {
          "type": "cssRules",
          "assetId": "GIFaPeTXyJwJ",
          "checksum": "d5a6e2829b61cdae9bbfcfc69a32684b"
        },
        {
          "type": "renderModule",
          "assetId": "UhqGYd-C2mD6",
          "checksum": "e0f5c869f036db848e1e756af7403b90"
        },
        {
          "type": "cssRules",
          "assetId": "UhqGYd-C2mD6",
          "checksum": "e0f5c869f036db848e1e756af7403b90"
        },
        {
          "type": "icon",
          "assetId": "se-qcKkSQhB-",
          "checksum": "8c5ee914649f7d73e864492c5f18ce24"
        },
        {
          "type": "icon",
          "assetId": "t6iEol6lZGZl",
          "checksum": "4a878945938a890c3f2d500ab9642e79"
        },
        {
          "type": "icon",
          "assetId": "d5NWg6AWBDo_",
          "checksum": "341a62eb5c563c50a9041c1b504a3ed2"
        },
        {
          "type": "icon",
          "assetId": "wiOTrrbiBCKN",
          "checksum": "c24afcd743dd78e7fbd8a3929e459d19"
        },
        {
          "type": "icon",
          "assetId": "YBK1j7_xWO8V",
          "checksum": "38f8bbcef800446eb75be4a8607959ab"
        },
        {
          "type": "icon",
          "assetId": "JT_I0IUMNNpN",
          "checksum": "5edc578a0777db7dca89c4fd93d2a46b"
        },
        {
          "type": "icon",
          "assetId": "rSGGvfP7GXXH",
          "checksum": "5a67a92f46d8f6ec95a242951e96a93f"
        },
        {
          "type": "icon",
          "assetId": "Ik4JR-yanUAM",
          "checksum": "1dcc8857fe377e1c722c1f2e38f61c48"
        },
        {
          "type": "icon",
          "assetId": "bh0AvxMRW9NM",
          "checksum": "c45645b7fd25d071afeed95fba076868"
        },
        {
          "type": "image",
          "assetId": "ZjXPxCGq10Ot",
          "checksum": "bcfc79e1421d53c1f24c2b0666ccbf4b"
        },
        {
          "type": "image",
          "assetId": "zN4YipcmOZbW",
          "checksum": "eccc693b1670932014a3b76f9cb7345d"
        },
        {
          "type": "image",
          "assetId": "Dt1Q581ctJej",
          "checksum": "7a4d71bbbc51c34d4edad7fee8b1b885"
        },
        {
          "type": "image",
          "assetId": "6zruVSwWgCAa",
          "checksum": "7e17dad0ab6079809e096bd73bf01c36"
        },
        {
          "type": "image",
          "assetId": "wVYJxGff3H86",
          "checksum": "4948d0a58c9fef56a4de934a3ba8e992"
        },
        {
          "type": "image",
          "assetId": "50dXu5BN1dEt",
          "checksum": "753aea9df70e215f9d73a6f2aadf2a75"
        }
      ]
    }
  ],
  "cliVersion": "0.1.158"
}
